
Microsoft Visual Studio Solution File, Format Version 12.00
# Visual Studio Version 16
VisualStudioVersion = 16.0.31829.152
MinimumVisualStudioVersion = 10.0.40219.1
Project("{FAE04EC0-301F-11D3-BF4B-00C04F79EFBC}") = "Lab15WpfApp", "Lab15WpfApp\Lab15WpfApp.csproj", "{2526B382-D57F-451E-BAC0-1C43242AF521}"
EndProject
Global
	GlobalSection(SolutionConfigurationPlatforms) = preSolution
		Debug|Any CPU = Debug|Any CPU
		Release|Any CPU = Release|Any CPU
	EndGlobalSection
	GlobalSection(ProjectConfigurationPlatforms) = postSolution
		{2526B382-D57F-451E-BAC0-1C43242AF521}.Debug|Any CPU.ActiveCfg = Debug|Any CPU
		{2526B382-D57F-451E-BAC0-1C43242AF521}.Debug|Any CPU.Build.0 = Debug|Any CPU
		{2526B382-D57F-451E-BAC0-1C43242AF521}.Release|Any CPU.ActiveCfg = Release|Any CPU
		{2526B382-D57F-451E-BAC0-1C43242AF521}.Release|Any CPU.Build.0 = Release|Any CPU
	EndGlobalSection
	GlobalSection(SolutionProperties) = preSolution
		HideSolutionNode = FALSE
	EndGlobalSection
	GlobalSection(ExtensibilityGlobals) = postSolution
		SolutionGuid = {559D10E2-249E-4024-BB87-EE186AF52647}
	EndGlobalSection
EndGlobal
